# THIS IS AN AUTOGENERATED FILE. DO NOT EDIT THIS FILE DIRECTLY.
# yarn lockfile v1


"@uirouter/core@5.0.3":
  version "5.0.3"
  resolved "https://registry.yarnpkg.com/@uirouter/core/-/core-5.0.3.tgz#e2b5b1e45190e20c67ba4e15c013de5d4e0ccab3"

angular-animate@^1.6.4:
  version "1.6.4"
  resolved "https://registry.yarnpkg.com/angular-animate/-/angular-animate-1.6.4.tgz#d3eb906d39834f2dfbdd982e6b8d7a3b4d9001d2"

angular-aria@^1.6.4:
  version "1.6.4"
  resolved "https://registry.yarnpkg.com/angular-aria/-/angular-aria-1.6.4.tgz#c8683666ace196668f68e7220811bdcfc9e106e4"

angular-chart.js@^1.1.1:
  version "1.1.1"
  resolved "https://registry.yarnpkg.com/angular-chart.js/-/angular-chart.js-1.1.1.tgz#49f0e18d081762b6d4c9791e487aff2fbb30f5ae"
  dependencies:
    angular "1.x"
    chart.js "2.3.x"

angular-cookies@^1.6.4:
  version "1.6.4"
  resolved "https://registry.yarnpkg.com/angular-cookies/-/angular-cookies-1.6.4.tgz#c28f3f6aac7a9826c1e45f1d6807240036e5b26d"

angular-loading-bar@^0.9.0:
  version "0.9.0"
  resolved "https://registry.yarnpkg.com/angular-loading-bar/-/angular-loading-bar-0.9.0.tgz#37ef52c25f102c216e7b3cdfd2fc5a5df9628e45"

angular-material-data-table@^0.10.10:
  version "0.10.10"
  resolved "https://registry.yarnpkg.com/angular-material-data-table/-/angular-material-data-table-0.10.10.tgz#229b402745ec1a146f07da8d1e526be6540849ee"

angular-material@^1.1.4:
  version "1.1.4"
  resolved "https://registry.yarnpkg.com/angular-material/-/angular-material-1.1.4.tgz#27de35646f54ccd320080af0c708e1b438af87f6"

angular-route@^1.6.4:
  version "1.6.4"
  resolved "https://registry.yarnpkg.com/angular-route/-/angular-route-1.6.4.tgz#7bb216fcda746a1b8c452054b05900a7074ecc62"

angular-sanitize@^1.6.4:
  version "1.6.4"
  resolved "https://registry.yarnpkg.com/angular-sanitize/-/angular-sanitize-1.6.4.tgz#60a37ea96fb0d4a322a3ccb64ee4a5cf3b154f0c"

angular-timeline@^1.7.0:
  version "1.7.0"
  resolved "https://registry.yarnpkg.com/angular-timeline/-/angular-timeline-1.7.0.tgz#d488bb1ef0e79af45fc27ef680d91cc41a761ceb"
  dependencies:
    angular "^1.3.15"

angular-ui-router@^1.0.3:
  version "1.0.3"
  resolved "https://registry.yarnpkg.com/angular-ui-router/-/angular-ui-router-1.0.3.tgz#bf2494caae95c37cf01af3761d89747cfed2db45"
  dependencies:
    "@uirouter/core" "5.0.3"

angular@1.6.4, angular@1.x, angular@^1.3.15:
  version "1.6.4"
  resolved "https://registry.yarnpkg.com/angular/-/angular-1.6.4.tgz#03b7b15c01a0802d7e2cf593240e604054dc77fb"

bootstrap@^3.3.7:
  version "3.3.7"
  resolved "https://registry.yarnpkg.com/bootstrap/-/bootstrap-3.3.7.tgz#5a389394549f23330875a3b150656574f8a9eb71"

chart.js@2.3.x:
  version "2.3.0"
  resolved "https://registry.yarnpkg.com/chart.js/-/chart.js-2.3.0.tgz#40460e48e2c417c05fc3325cd84f7b000dc7d7d6"
  dependencies:
    chartjs-color "^2.0.0"
    moment "^2.10.6"

chartjs-color-string@^0.4.0:
  version "0.4.0"
  resolved "https://registry.yarnpkg.com/chartjs-color-string/-/chartjs-color-string-0.4.0.tgz#57748d4530ae28d8db0a5492182ba06dfdf2f468"
  dependencies:
    color-name "^1.0.0"

chartjs-color@^2.0.0:
  version "2.1.0"
  resolved "https://registry.yarnpkg.com/chartjs-color/-/chartjs-color-2.1.0.tgz#9c39ac830ccd98996ae80c9f11086ff12c98a756"
  dependencies:
    chartjs-color-string "^0.4.0"
    color-convert "^0.5.3"

color-convert@^0.5.3:
  version "0.5.3"
  resolved "https://registry.yarnpkg.com/color-convert/-/color-convert-0.5.3.tgz#bdb6c69ce660fadffe0b0007cc447e1b9f7282bd"

color-name@^1.0.0:
  version "1.1.2"
  resolved "https://registry.yarnpkg.com/color-name/-/color-name-1.1.2.tgz#5c8ab72b64bd2215d617ae9559ebb148475cf98d"

jquery@^3.4.0:
  version "3.4.0"
  resolved "https://registry.yarnpkg.com/jquery/-/jquery-3.4.0.tgz#8de513fa0fa4b2c7d2e48a530e26f0596936efdf"

moment@^2.10.6, moment@^2.18.1:
  version "2.18.1"
  resolved "https://registry.yarnpkg.com/moment/-/moment-2.18.1.tgz#c36193dd3ce1c2eed2adb7c802dbbc77a81b1c0f"

ng-img-crop-npm@^0.3.2:
  version "0.3.2"
  resolved "https://registry.yarnpkg.com/ng-img-crop-npm/-/ng-img-crop-npm-0.3.2.tgz#1eeb6b24013aa0c42b3e45e0b1ba03183a8e87c2"

qrcode-generator@^1.2.0:
  version "1.2.0"
  resolved "https://registry.yarnpkg.com/qrcode-generator/-/qrcode-generator-1.2.0.tgz#f1865463f1786547ebb090e7c430bf3caf43a017"

tether@^1.4.0:
  version "1.4.0"
  resolved "https://registry.yarnpkg.com/tether/-/tether-1.4.0.tgz#0f9fa171f75bf58485d8149e94799d7ae74d1c1a"

webcam@^3.1.1:
  version "3.1.1"
  resolved "https://registry.yarnpkg.com/webcam/-/webcam-3.1.1.tgz#804b895bd799d085d405a096764fc0a86d23d5e4"
